PODS:
  - AFNetworking (2.6.1):
    - AFNetworking/NSURLConnection (= 2.6.1)
    - AFNetworking/NSURLSession (= 2.6.1)
    - AFNetworking/Reachability (= 2.6.1)
    - AFNetworking/Security (= 2.6.1)
    - AFNetworking/Serialization (= 2.6.1)
    - AFNetworking/UIKit (= 2.6.1)
  - AFNetworking/NSURLConnection (2.6.1):
    - AFNetworking/Reachability
    - AFNetworking/Security
    - AFNetworking/Serialization
  - AFNetworking/NSURLSession (2.6.1):
    - AFNetworking/Reachability
    - AFNetworking/Security
    - AFNetworking/Serialization
  - AFNetworking/Reachability (2.6.1)
  - AFNetworking/Security (2.6.1)
  - AFNetworking/Serialization (2.6.1)
  - AFNetworking/UIKit (2.6.1):
    - AFNetworking/NSURLConnection
    - AFNetworking/NSURLSession
  - Bolts/Tasks (1.4.0)
  - FLKAutoLayout (0.2.1)
  - ORStackView (3.0.1):
    - FLKAutoLayout (~> 0.2)
  - Parse (1.9.1):
    - Bolts/Tasks (>= 1.4.0)
  - ParseUI (1.1.6):
    - Bolts/Tasks (~> 1.2)
    - Parse (~> 1.8)
  - SnapKit (0.16.0)
  - SwiftyJSON (2.3.1)

DEPENDENCIES:
  - AFNetworking
  - ORStackView
  - Parse
  - ParseUI
  - SnapKit
  - SwiftyJSON

SPEC CHECKSUMS:
  AFNetworking: 8e4e60500beb8bec644cf575beee72990a76d399
  Bolts: 0e9bce58b9b9f5e8a7a4d47b16d2fabec289072b
  FLKAutoLayout: 9db6b30c2008d230da608e62c607b11c23b942e6
  ORStackView: a1bb52748cd0ae29891c140baf22ff8972fb363c
  Parse: 54a965c8c19a6dde90284ab654dbcc77ef8c001b
  ParseUI: 8a22e448c03f825203d8c379c80523517f68baa3
  SnapKit: ddac6b339d571f9d80dbb733585b172ee9eed3cb
  SwiftyJSON: 592b53bee5ef3dd9b3bebc6b9cb7ee35426ae8c3

COCOAPODS: 0.39.0
